// !$*UTF8*$!
{
	archiveVersion = 1;
	classes = {
	};
	objectVersion = 50;
	objects = {

/* Begin PBXBuildFile section */
		84FED68824E2C7970031B502 /* OpenWeatherFramework.framework in Frameworks */ = {isa = PBXBuildFile; fileRef = 84FED67E24E2C7970031B502 /* OpenWeatherFramework.framework */; };
		84FED68F24E2C7970031B502 /* OpenWeatherFramework.h in Headers */ = {isa = PBXBuildFile; fileRef = 84FED68124E2C7970031B502 /* OpenWeatherFramework.h */; settings = {ATTRIBUTES = (Public, ); }; };
		84FED69924E2CB0A0031B502 /* OpenWeatherWSTests.swift in Sources */ = {isa = PBXBuildFile; fileRef = 84FED69824E2CB0A0031B502 /* OpenWeatherWSTests.swift */; };
		84FED69B24E2CB1A0031B502 /* OpenWeatherWS.swift in Sources */ = {isa = PBXBuildFile; fileRef = 84FED69A24E2CB1A0031B502 /* OpenWeatherWS.swift */; };
		84FED71824E2D8020031B502 /* WeatherReponse.json in Resources */ = {isa = PBXBuildFile; fileRef = 84FED71724E2D8020031B502 /* WeatherReponse.json */; };
		84FED71A24E2D8490031B502 /* OpenWeatherWS+Weather.swift in Sources */ = {isa = PBXBuildFile; fileRef = 84FED71924E2D8490031B502 /* OpenWeatherWS+Weather.swift */; };
		84FED71C24E2D90B0031B502 /* OpenWeatherWS+Endpoint.swift in Sources */ = {isa = PBXBuildFile; fileRef = 84FED71B24E2D90B0031B502 /* OpenWeatherWS+Endpoint.swift */; };
		84FED71E24E2DB990031B502 /* OpenWeatherWS+Error.swift in Sources */ = {isa = PBXBuildFile; fileRef = 84FED71D24E2DB990031B502 /* OpenWeatherWS+Error.swift */; };
/* End PBXBuildFile section */

/* Begin PBXContainerItemProxy section */
		84FED68924E2C7970031B502 /* PBXContainerItemProxy */ = {
			isa = PBXContainerItemProxy;
			containerPortal = 84FED67524E2C7970031B502 /* Project object */;
			proxyType = 1;
			remoteGlobalIDString = 84FED67D24E2C7970031B502;
			remoteInfo = OpenWeatherFramework;
		};
/* End PBXContainerItemProxy section */

/* Begin PBXFileReference section */
		84FED67E24E2C7970031B502 /* OpenWeatherFramework.framework */ = {isa = PBXFileReference; explicitFileType = wrapper.framework; includeInIndex = 0; path = OpenWeatherFramework.framework; sourceTree = BUILT_PRODUCTS_DIR; };
		84FED68124E2C7970031B502 /* OpenWeatherFramework.h */ = {isa = PBXFileReference; lastKnownFileType = sourcecode.c.h; path = OpenWeatherFramework.h; sourceTree = "<group>"; };
		84FED68224E2C7970031B502 /* Info.plist */ = {isa = PBXFileReference; lastKnownFileType = text.plist.xml; path = Info.plist; sourceTree = "<group>"; };
		84FED68724E2C7970031B502 /* OpenWeatherFrameworkTests.xctest */ = {isa = PBXFileReference; explicitFileType = wrapper.cfbundle; includeInIndex = 0; path = OpenWeatherFrameworkTests.xctest; sourceTree = BUILT_PRODUCTS_DIR; };
		84FED68E24E2C7970031B502 /* Info.plist */ = {isa = PBXFileReference; lastKnownFileType = text.plist.xml; path = Info.plist; sourceTree = "<group>"; };
		84FED69824E2CB0A0031B502 /* OpenWeatherWSTests.swift */ = {isa = PBXFileReference; fileEncoding = 4; lastKnownFileType = sourcecode.swift; path = OpenWeatherWSTests.swift; sourceTree = "<group>"; };
		84FED69A24E2CB1A0031B502 /* OpenWeatherWS.swift */ = {isa = PBXFileReference; fileEncoding = 4; lastKnownFileType = sourcecode.swift; path = OpenWeatherWS.swift; sourceTree = "<group>"; };
		84FED71724E2D8020031B502 /* WeatherReponse.json */ = {isa = PBXFileReference; lastKnownFileType = text.json; path = WeatherReponse.json; sourceTree = "<group>"; };
		84FED71924E2D8490031B502 /* OpenWeatherWS+Weather.swift */ = {isa = PBXFileReference; lastKnownFileType = sourcecode.swift; path = "OpenWeatherWS+Weather.swift"; sourceTree = "<group>"; };
		84FED71B24E2D90B0031B502 /* OpenWeatherWS+Endpoint.swift */ = {isa = PBXFileReference; lastKnownFileType = sourcecode.swift; path = "OpenWeatherWS+Endpoint.swift"; sourceTree = "<group>"; };
		84FED71D24E2DB990031B502 /* OpenWeatherWS+Error.swift */ = {isa = PBXFileReference; lastKnownFileType = sourcecode.swift; path = "OpenWeatherWS+Error.swift"; sourceTree = "<group>"; };
/* End PBXFileReference section */

/* Begin PBXFrameworksBuildPhase section */
		84FED67B24E2C7970031B502 /* Frameworks */ = {
			isa = PBXFrameworksBuildPhase;
			buildActionMask = 2147483647;
			files = (
			);
			runOnlyForDeploymentPostprocessing = 0;
		};
		84FED68424E2C7970031B502 /* Frameworks */ = {
			isa = PBXFrameworksBuildPhase;
			buildActionMask = 2147483647;
			files = (
				84FED68824E2C7970031B502 /* OpenWeatherFramework.framework in Frameworks */,
			);
			runOnlyForDeploymentPostprocessing = 0;
		};
/* End PBXFrameworksBuildPhase section */

/* Begin PBXGroup section */
		84FED67424E2C7970031B502 = {
			isa = PBXGroup;
			children = (
				84FED68024E2C7970031B502 /* OpenWeatherFramework */,
				84FED68B24E2C7970031B502 /* OpenWeatherFrameworkTests */,
				84FED67F24E2C7970031B502 /* Products */,
			);
			sourceTree = "<group>";
		};
		84FED67F24E2C7970031B502 /* Products */ = {
			isa = PBXGroup;
			children = (
				84FED67E24E2C7970031B502 /* OpenWeatherFramework.framework */,
				84FED68724E2C7970031B502 /* OpenWeatherFrameworkTests.xctest */,
			);
			name = Products;
			sourceTree = "<group>";
		};
		84FED68024E2C7970031B502 /* OpenWeatherFramework */ = {
			isa = PBXGroup;
			children = (
				84FED68124E2C7970031B502 /* OpenWeatherFramework.h */,
				84FED69A24E2CB1A0031B502 /* OpenWeatherWS.swift */,
				84FED71B24E2D90B0031B502 /* OpenWeatherWS+Endpoint.swift */,
				84FED71D24E2DB990031B502 /* OpenWeatherWS+Error.swift */,
				84FED71924E2D8490031B502 /* OpenWeatherWS+Weather.swift */,
				84FED71724E2D8020031B502 /* WeatherReponse.json */,
				84FED68224E2C7970031B502 /* Info.plist */,
			);
			path = OpenWeatherFramework;
			sourceTree = "<group>";
		};
		84FED68B24E2C7970031B502 /* OpenWeatherFrameworkTests */ = {
			isa = PBXGroup;
			children = (
				84FED69824E2CB0A0031B502 /* OpenWeatherWSTests.swift */,
				84FED68E24E2C7970031B502 /* Info.plist */,
			);
			path = OpenWeatherFrameworkTests;
			sourceTree = "<group>";
		};
/* End PBXGroup section */

/* Begin PBXHeadersBuildPhase section */
		84FED67924E2C7970031B502 /* Headers */ = {
			isa = PBXHeadersBuildPhase;
			buildActionMask = 2147483647;
			files = (
				84FED68F24E2C7970031B502 /* OpenWeatherFramework.h in Headers */,
			);
			runOnlyForDeploymentPostprocessing = 0;
		};
/* End PBXHeadersBuildPhase section */

/* Begin PBXNativeTarget section */
		84FED67D24E2C7970031B502 /* OpenWeatherFramework */ = {
			isa = PBXNativeTarget;
			buildConfigurationList = 84FED69224E2C7970031B502 /* Build configuration list for PBXNativeTarget "OpenWeatherFramework" */;
			buildPhases = (
				84FED67924E2C7970031B502 /* Headers */,
				84FED67A24E2C7970031B502 /* Sources */,
				84FED67B24E2C7970031B502 /* Frameworks */,
				84FED67C24E2C7970031B502 /* Resources */,
			);
			buildRules = (
			);
			dependencies = (
			);
			name = OpenWeatherFramework;
			productName = OpenWeatherFramework;
			productReference = 84FED67E24E2C7970031B502 /* OpenWeatherFramework.framework */;
			productType = "com.apple.product-type.framework";
		};
		84FED68624E2C7970031B502 /* OpenWeatherFrameworkTests */ = {
			isa = PBXNativeTarget;
			buildConfigurationList = 84FED69524E2C7970031B502 /* Build configuration list for PBXNativeTarget "OpenWeatherFrameworkTests" */;
			buildPhases = (
				84FED68324E2C7970031B502 /* Sources */,
				84FED68424E2C7970031B502 /* Frameworks */,
				84FED68524E2C7970031B502 /* Resources */,
			);
			buildRules = (
			);
			dependencies = (
				84FED68A24E2C7970031B502 /* PBXTargetDependency */,
			);
			name = OpenWeatherFrameworkTests;
			productName = OpenWeatherFrameworkTests;
			productReference = 84FED68724E2C7970031B502 /* OpenWeatherFrameworkTests.xctest */;
			productType = "com.apple.product-type.bundle.unit-test";
		};
/* End PBXNativeTarget section */

/* Begin PBXProject section */
		84FED67524E2C7970031B502 /* Project object */ = {
			isa = PBXProject;
			attributes = {
				LastSwiftUpdateCheck = 1160;
				LastUpgradeCheck = 1160;
				ORGANIZATIONNAME = Devios;
				TargetAttributes = {
					84FED67D24E2C7970031B502 = {
						CreatedOnToolsVersion = 11.6;
						LastSwiftMigration = 1160;
					};
					84FED68624E2C7970031B502 = {
						CreatedOnToolsVersion = 11.6;
					};
				};
			};
			buildConfigurationList = 84FED67824E2C7970031B502 /* Build configuration list for PBXProject "OpenWeatherFramework" */;
			compatibilityVersion = "Xcode 9.3";
			developmentRegion = en;
			hasScannedForEncodings = 0;
			knownRegions = (
				en,
				Base,
			);
			mainGroup = 84FED67424E2C7970031B502;
			productRefGroup = 84FED67F24E2C7970031B502 /* Products */;
			projectDirPath = "";
			projectRoot = "";
			targets = (
				84FED67D24E2C7970031B502 /* OpenWeatherFramework */,
				84FED68624E2C7970031B502 /* OpenWeatherFrameworkTests */,
			);
		};
/* End PBXProject section */

/* Begin PBXResourcesBuildPhase section */
		84FED67C24E2C7970031B502 /* Resources */ = {
			isa = PBXResourcesBuildPhase;
			buildActionMask = 2147483647;
			files = (
				84FED71824E2D8020031B502 /* WeatherReponse.json in Resources */,
			);
			runOnlyForDeploymentPostprocessing = 0;
		};
		84FED68524E2C7970031B502 /* Resources */ = {
			isa = PBXResourcesBuildPhase;
			buildActionMask = 2147483647;
			files = (
			);
			runOnlyForDeploymentPostprocessing = 0;
		};
/* End PBXResourcesBuildPhase section */

/* Begin PBXSourcesBuildPhase section */
		84FED67A24E2C7970031B502 /* Sources */ = {
			isa = PBXSourcesBuildPhase;
			buildActionMask = 2147483647;
			files = (
				84FED71C24E2D90B0031B502 /* OpenWeatherWS+Endpoint.swift in Sources */,
				84FED71E24E2DB990031B502 /* OpenWeatherWS+Error.swift in Sources */,
				84FED69B24E2CB1A0031B502 /* OpenWeatherWS.swift in Sources */,
				84FED71A24E2D8490031B502 /* OpenWeatherWS+Weather.swift in Sources */,
			);
			runOnlyForDeploymentPostprocessing = 0;
		};
		84FED68324E2C7970031B502 /* Sources */ = {
			isa = PBXSourcesBuildPhase;
			buildActionMask = 2147483647;
			files = (
				84FED69924E2CB0A0031B502 /* OpenWeatherWSTests.swift in Sources */,
			);
			runOnlyForDeploymentPostprocessing = 0;
		};
/* End PBXSourcesBuildPhase section */

/* Begin PBXTargetDependency section */
		84FED68A24E2C7970031B502 /* PBXTargetDependency */ = {
			isa = PBXTargetDependency;
			target = 84FED67D24E2C7970031B502 /* OpenWeatherFramework */;
			targetProxy = 84FED68924E2C7970031B502 /* PBXContainerItemProxy */;
		};
/* End PBXTargetDependency section */

/* Begin XCBuildConfiguration section */
		84FED69024E2C7970031B502 /* Debug */ = {
			isa = XCBuildConfiguration;
			buildSettings = {
				ALWAYS_SEARCH_USER_PATHS = NO;
				CLANG_ANALYZER_NONNULL = YES;
				CLANG_ANALYZER_NUMBER_OBJECT_CONVERSION = YES_AGGRESSIVE;
				CLANG_CXX_LANGUAGE_STANDARD = "gnu++14";
				CLANG_CXX_LIBRARY = "libc++";
				CLANG_ENABLE_MODULES = YES;
				CLANG_ENABLE_OBJC_ARC = YES;
				CLANG_ENABLE_OBJC_WEAK = YES;
				CLANG_WARN_BLOCK_CAPTURE_AUTORELEASING = YES;
				CLANG_WARN_BOOL_CONVERSION = YES;
				CLANG_WARN_COMMA = YES;
				CLANG_WARN_CONSTANT_CONVERSION = YES;
				CLANG_WARN_DEPRECATED_OBJC_IMPLEMENTATIONS = YES;
				CLANG_WARN_DIRECT_OBJC_ISA_USAGE = YES_ERROR;
				CLANG_WARN_DOCUMENTATION_COMMENTS = YES;
				CLANG_WARN_EMPTY_BODY = YES;
				CLANG_WARN_ENUM_CONVERSION = YES;
				CLANG_WARN_INFINITE_RECURSION = YES;
				CLANG_WARN_INT_CONVERSION = YES;
				CLANG_WARN_NON_LITERAL_NULL_CONVERSION = YES;
				CLANG_WARN_OBJC_IMPLICIT_RETAIN_SELF = YES;
				CLANG_WARN_OBJC_LITERAL_CONVERSION = YES;
				CLANG_WARN_OBJC_ROOT_CLASS = YES_ERROR;
				CLANG_WARN_RANGE_LOOP_ANALYSIS = YES;
				CLANG_WARN_STRICT_PROTOTYPES = YES;
				CLANG_WARN_SUSPICIOUS_MOVE = YES;
				CLANG_WARN_UNGUARDED_AVAILABILITY = YES_AGGRESSIVE;
				CLANG_WARN_UNREACHABLE_CODE = YES;
				CLANG_WARN__DUPLICATE_METHOD_MATCH = YES;
				COPY_PHASE_STRIP = NO;
				CURRENT_PROJECT_VERSION = 1;
				DEBUG_INFORMATION_FORMAT = dwarf;
				ENABLE_STRICT_OBJC_MSGSEND = YES;
				ENABLE_TESTABILITY = YES;
				GCC_C_LANGUAGE_STANDARD = gnu11;
				GCC_DYNAMIC_NO_PIC = NO;
				GCC_NO_COMMON_BLOCKS = YES;
				GCC_OPTIMIZATION_LEVEL = 0;
				GCC_PREPROCESSOR_DEFINITIONS = (
					"DEBUG=1",
					"$(inherited)",
				);
				GCC_WARN_64_TO_32_BIT_CONVERSION = YES;
				GCC_WARN_ABOUT_RETURN_TYPE = YES_ERROR;
				GCC_WARN_UNDECLARED_SELECTOR = YES;
				GCC_WARN_UNINITIALIZED_AUTOS = YES_AGGRESSIVE;
				GCC_WARN_UNUSED_FUNCTION = YES;
				GCC_WARN_UNUSED_VARIABLE = YES;
				IPHONEOS_DEPLOYMENT_TARGET = 13.6;
				MTL_ENABLE_DEBUG_INFO = INCLUDE_SOURCE;
				MTL_FAST_MATH = YES;
				ONLY_ACTIVE_ARCH = YES;
				SDKROOT = iphoneos;
				SWIFT_ACTIVE_COMPILATION_CONDITIONS = DEBUG;
				SWIFT_OPTIMIZATION_LEVEL = "-Onone";
				VERSIONING_SYSTEM = "apple-generic";
				VERSION_INFO_PREFIX = "";
			};
			name = Debug;
		};
		84FED69124E2C7970031B502 /* Release */ = {
			isa = XCBuildConfiguration;
			buildSettings = {
				ALWAYS_SEARCH_USER_PATHS = NO;
				CLANG_ANALYZER_NONNULL = YES;
				CLANG_ANALYZER_NUMBER_OBJECT_CONVERSION = YES_AGGRESSIVE;
				CLANG_CXX_LANGUAGE_STANDARD = "gnu++14";
				CLANG_CXX_LIBRARY = "libc++";
				CLANG_ENABLE_MODULES = YES;
				CLANG_ENABLE_OBJC_ARC = YES;
				CLANG_ENABLE_OBJC_WEAK = YES;
				CLANG_WARN_BLOCK_CAPTURE_AUTORELEASING = YES;
				CLANG_WARN_BOOL_CONVERSION = YES;
				CLANG_WARN_COMMA = YES;
				CLANG_WARN_CONSTANT_CONVERSION = YES;
				CLANG_WARN_DEPRECATED_OBJC_IMPLEMENTATIONS = YES;
				CLANG_WARN_DIRECT_OBJC_ISA_USAGE = YES_ERROR;
				CLANG_WARN_DOCUMENTATION_COMMENTS = YES;
				CLANG_WARN_EMPTY_BODY = YES;
				CLANG_WARN_ENUM_CONVERSION = YES;
				CLANG_WARN_INFINITE_RECURSION = YES;
				CLANG_WARN_INT_CONVERSION = YES;
				CLANG_WARN_NON_LITERAL_NULL_CONVERSION = YES;
				CLANG_WARN_OBJC_IMPLICIT_RETAIN_SELF = YES;
				CLANG_WARN_OBJC_LITERAL_CONVERSION = YES;
				CLANG_WARN_OBJC_ROOT_CLASS = YES_ERROR;
				CLANG_WARN_RANGE_LOOP_ANALYSIS = YES;
				CLANG_WARN_STRICT_PROTOTYPES = YES;
				CLANG_WARN_SUSPICIOUS_MOVE = YES;
				CLANG_WARN_UNGUARDED_AVAILABILITY = YES_AGGRESSIVE;
				CLANG_WARN_UNREACHABLE_CODE = YES;
				CLANG_WARN__DUPLICATE_METHOD_MATCH = YES;
				COPY_PHASE_STRIP = NO;
				CURRENT_PROJECT_VERSION = 1;
				DEBUG_INFORMATION_FORMAT = "dwarf-with-dsym";
				ENABLE_NS_ASSERTIONS = NO;
				ENABLE_STRICT_OBJC_MSGSEND = YES;
				GCC_C_LANGUAGE_STANDARD = gnu11;
				GCC_NO_COMMON_BLOCKS = YES;
				GCC_WARN_64_TO_32_BIT_CONVERSION = YES;
				GCC_WARN_ABOUT_RETURN_TYPE = YES_ERROR;
				GCC_WARN_UNDECLARED_SELECTOR = YES;
				GCC_WARN_UNINITIALIZED_AUTOS = YES_AGGRESSIVE;
				GCC_WARN_UNUSED_FUNCTION = YES;
				GCC_WARN_UNUSED_VARIABLE = YES;
				IPHONEOS_DEPLOYMENT_TARGET = 13.6;
				MTL_ENABLE_DEBUG_INFO = NO;
				MTL_FAST_MATH = YES;
				SDKROOT = iphoneos;
				SWIFT_COMPILATION_MODE = wholemodule;
				SWIFT_OPTIMIZATION_LEVEL = "-O";
				VALIDATE_PRODUCT = YES;
				VERSIONING_SYSTEM = "apple-generic";
				VERSION_INFO_PREFIX = "";
			};
			name = Release;
		};
		84FED69324E2C7970031B502 /* Debug */ = {
			isa = XCBuildConfiguration;
			buildSettings = {
				CLANG_ENABLE_MODULES = YES;
				CODE_SIGN_STYLE = Automatic;
				DEFINES_MODULE = YES;
				DEVELOPMENT_TEAM = 32DX3M943S;
				DYLIB_COMPATIBILITY_VERSION = 1;
				DYLIB_CURRENT_VERSION = 1;
				DYLIB_INSTALL_NAME_BASE = "@rpath";
				INFOPLIST_FILE = OpenWeatherFramework/Info.plist;
				INSTALL_PATH = "$(LOCAL_LIBRARY_DIR)/Frameworks";
				LD_RUNPATH_SEARCH_PATHS = (
					"$(inherited)",
					"@executable_path/Frameworks",
					"@loader_path/Frameworks",
				);
				PRODUCT_BUNDLE_IDENTIFIER = fr.casimir.OpenWeatherFramework;
				PRODUCT_NAME = "$(TARGET_NAME:c99extidentifier)";
				SKIP_INSTALL = YES;
				SWIFT_OPTIMIZATION_LEVEL = "-Onone";
				SWIFT_VERSION = 5.0;
				TARGETED_DEVICE_FAMILY = "1,2";
			};
			name = Debug;
		};
		84FED69424E2C7970031B502 /* Release */ = {
			isa = XCBuildConfiguration;
			buildSettings = {
				CLANG_ENABLE_MODULES = YES;
				CODE_SIGN_STYLE = Automatic;
				DEFINES_MODULE = YES;
				DEVELOPMENT_TEAM = 32DX3M943S;
				DYLIB_COMPATIBILITY_VERSION = 1;
				DYLIB_CURRENT_VERSION = 1;
				DYLIB_INSTALL_NAME_BASE = "@rpath";
				INFOPLIST_FILE = OpenWeatherFramework/Info.plist;
				INSTALL_PATH = "$(LOCAL_LIBRARY_DIR)/Frameworks";
				LD_RUNPATH_SEARCH_PATHS = (
					"$(inherited)",
					"@executable_path/Frameworks",
					"@loader_path/Frameworks",
				);
				PRODUCT_BUNDLE_IDENTIFIER = fr.casimir.OpenWeatherFramework;
				PRODUCT_NAME = "$(TARGET_NAME:c99extidentifier)";
				SKIP_INSTALL = YES;
				SWIFT_VERSION = 5.0;
				TARGETED_DEVICE_FAMILY = "1,2";
			};
			name = Release;
		};
		84FED69624E2C7970031B502 /* Debug */ = {
			isa = XCBuildConfiguration;
			buildSettings = {
				ALWAYS_EMBED_SWIFT_STANDARD_LIBRARIES = YES;
				CODE_SIGN_STYLE = Automatic;
				DEVELOPMENT_TEAM = 32DX3M943S;
				INFOPLIST_FILE = OpenWeatherFrameworkTests/Info.plist;
				LD_RUNPATH_SEARCH_PATHS = (
					"$(inherited)",
					"@executable_path/Frameworks",
					"@loader_path/Frameworks",
				);
				PRODUCT_BUNDLE_IDENTIFIER = fr.casimir.OpenWeatherFrameworkTests;
				PRODUCT_NAME = "$(TARGET_NAME)";
				SWIFT_VERSION = 5.0;
				TARGETED_DEVICE_FAMILY = "1,2";
			};
			name = Debug;
		};
		84FED69724E2C7970031B502 /* Release */ = {
			isa = XCBuildConfiguration;
			buildSettings = {
				ALWAYS_EMBED_SWIFT_STANDARD_LIBRARIES = YES;
				CODE_SIGN_STYLE = Automatic;
				DEVELOPMENT_TEAM = 32DX3M943S;
				INFOPLIST_FILE = OpenWeatherFrameworkTests/Info.plist;
				LD_RUNPATH_SEARCH_PATHS = (
					"$(inherited)",
					"@executable_path/Frameworks",
					"@loader_path/Frameworks",
				);
				PRODUCT_BUNDLE_IDENTIFIER = fr.casimir.OpenWeatherFrameworkTests;
				PRODUCT_NAME = "$(TARGET_NAME)";
				SWIFT_VERSION = 5.0;
				TARGETED_DEVICE_FAMILY = "1,2";
			};
			name = Release;
		};
/* End XCBuildConfiguration section */

/* Begin XCConfigurationList section */
		84FED67824E2C7970031B502 /* Build configuration list for PBXProject "OpenWeatherFramework" */ = {
			isa = XCConfigurationList;
			buildConfigurations = (
				84FED69024E2C7970031B502 /* Debug */,
				84FED69124E2C7970031B502 /* Release */,
			);
			defaultConfigurationIsVisible = 0;
			defaultConfigurationName = Release;
		};
		84FED69224E2C7970031B502 /* Build configuration list for PBXNativeTarget "OpenWeatherFramework" */ = {
			isa = XCConfigurationList;
			buildConfigurations = (
				84FED69324E2C7970031B502 /* Debug */,
				84FED69424E2C7970031B502 /* Release */,
			);
			defaultConfigurationIsVisible = 0;
			defaultConfigurationName = Release;
		};
		84FED69524E2C7970031B502 /* Build configuration list for PBXNativeTarget "OpenWeatherFrameworkTests" */ = {
			isa = XCConfigurationList;
			buildConfigurations = (
				84FED69624E2C7970031B502 /* Debug */,
				84FED69724E2C7970031B502 /* Release */,
			);
			defaultConfigurationIsVisible = 0;
			defaultConfigurationName = Release;
		};
/* End XCConfigurationList section */
	};
	rootObject = 84FED67524E2C7970031B502 /* Project object */;
}
